PODS:
  - CxyMonitorKit (0.1.0)
  - FBSnapshotTestCase (2.1.4):
    - FBSnapshotTestCase/SwiftSupport (= 2.1.4)
  - FBSnapshotTestCase/Core (2.1.4)
  - FBSnapshotTestCase/SwiftSupport (2.1.4):
    - FBSnapshotTestCase/Core

DEPENDENCIES:
  - CxyMonitorKit (from `../`)
  - FBSnapshotTestCase

SPEC REPOS:
  trunk:
    - FBSnapshotTestCase

EXTERNAL SOURCES:
  CxyMonitorKit:
    :path: "../"

SPEC CHECKSUMS:
  CxyMonitorKit: f0e805c3832dab34bcebeb929c27d19150433cfd
  FBSnapshotTestCase: 094f9f314decbabe373b87cc339bea235a63e07a

PODFILE CHECKSUM: a9a9ff66c3010ed381744e849be7f1ab7bed9de8

COCOAPODS: 1.9.1
